
Microsoft Visual Studio Solution File, Format Version 12.00
# Visual Studio 15
VisualStudioVersion = 15.0.27428.2011
MinimumVisualStudioVersion = 10.0.40219.1
Project("{FAE04EC0-301F-11D3-BF4B-00C04F79EFBC}") = "DockerTest", "DockerTest\DockerTest.csproj", "{782464EC-29BE-4AFD-AB4E-145C4041E1B6}"
EndProject
Global
	GlobalSection(SolutionConfigurationPlatforms) = preSolution
		Debug|Any CPU = Debug|Any CPU
		Release|Any CPU = Release|Any CPU
	EndGlobalSection
	GlobalSection(ProjectConfigurationPlatforms) = postSolution
		{782464EC-29BE-4AFD-AB4E-145C4041E1B6}.Debug|Any CPU.ActiveCfg = Debug|Any CPU
		{782464EC-29BE-4AFD-AB4E-145C4041E1B6}.Debug|Any CPU.Build.0 = Debug|Any CPU
		{782464EC-29BE-4AFD-AB4E-145C4041E1B6}.Release|Any CPU.ActiveCfg = Release|Any CPU
		{782464EC-29BE-4AFD-AB4E-145C4041E1B6}.Release|Any CPU.Build.0 = Release|Any CPU
	EndGlobalSection
	GlobalSection(SolutionProperties) = preSolution
		HideSolutionNode = FALSE
	EndGlobalSection
	GlobalSection(ExtensibilityGlobals) = postSolution
		SolutionGuid = {C9922C98-DE29-46C2-877B-F41C24C7BCC7}
	EndGlobalSection
EndGlobal
